
Microsoft Visual Studio Solution File, Format Version 12.00
# Visual Studio Version 17
VisualStudioVersion = 17.4.33213.308
MinimumVisualStudioVersion = 10.0.40219.1
Project("{FAE04EC0-301F-11D3-BF4B-00C04F79EFBC}") = "Git2", "Git2\Git2.csproj", "{CBB2B076-C536-4119-ACD8-9394966D7915}"
EndProject
Global
	GlobalSection(SolutionConfigurationPlatforms) = preSolution
		Debug|Any CPU = Debug|Any CPU
		Release|Any CPU = Release|Any CPU
	EndGlobalSection
	GlobalSection(ProjectConfigurationPlatforms) = postSolution
		{CBB2B076-C536-4119-ACD8-9394966D7915}.Debug|Any CPU.ActiveCfg = Debug|Any CPU
		{CBB2B076-C536-4119-ACD8-9394966D7915}.Debug|Any CPU.Build.0 = Debug|Any CPU
		{CBB2B076-C536-4119-ACD8-9394966D7915}.Release|Any CPU.ActiveCfg = Release|Any CPU
		{CBB2B076-C536-4119-ACD8-9394966D7915}.Release|Any CPU.Build.0 = Release|Any CPU
	EndGlobalSection
	GlobalSection(SolutionProperties) = preSolution
		HideSolutionNode = FALSE
	EndGlobalSection
	GlobalSection(ExtensibilityGlobals) = postSolution
		SolutionGuid = {41218BF0-D546-466D-8AB4-29A239F53A22}
	EndGlobalSection
EndGlobal
